
Microsoft Visual Studio Solution File, Format Version 12.00
# Visual Studio Version 17
VisualStudioVersion = 17.11.35303.130
MinimumVisualStudioVersion = 10.0.40219.1
Project("{2150E333-8FDC-42A3-9474-1A3956D46DE8}") = "Task0", "Task0", "{C1542277-679B-4DCA-A9E4-EDA09EBA7942}"
EndProject
Project("{9A19103F-16F7-4668-BE54-9A1E7A4F7556}") = "Tyuiu.Zhanabaevta.Sprint1.Task0.V13", "Tyuiu.Zhanabaevta.Sprint1.Task0.V13\Tyuiu.Zhanabaevta.Sprint1.Task0.V13.csproj", "{8CFE1638-89A7-4131-8035-C0C7F4CF5561}"
EndProject
Project("{9A19103F-16F7-4668-BE54-9A1E7A4F7556}") = "Tyuiu.Zhanabaevta.Sprint1.Task0.V13.Test", "Tyuiu.Zhanabaevta.Sprint1.Task0.V13.Test\Tyuiu.Zhanabaevta.Sprint1.Task0.V13.Test.csproj", "{D25BD636-BEA9-411F-9947-86C5F2079569}"
EndProject
Project("{9A19103F-16F7-4668-BE54-9A1E7A4F7556}") = "Tyuiu.ZhanabaevTA.Sprint1.Task0.V13.Lib", "Tyuiu.ZhanabaevTA.Sprint1.Task0.V13.Lib\Tyuiu.ZhanabaevTA.Sprint1.Task0.V13.Lib.csproj", "{3C786BB1-A2E8-4EEC-BA4F-E68966A4579E}"
EndProject
Project("{2150E333-8FDC-42A3-9474-1A3956D46DE8}") = "Task1", "Task1", "{178E1B40-32CB-4BE1-8538-F5DFF3F38551}"
EndProject
Project("{9A19103F-16F7-4668-BE54-9A1E7A4F7556}") = "Tyuiu.ZhanabaevTA.Sprint1.Task1.V11", "Tyuiu.ZhanabaevTA.Sprint1.Task1.V11\Tyuiu.ZhanabaevTA.Sprint1.Task1.V11.csproj", "{A3589063-6861-485E-ACEA-60FD9E520EB3}"
EndProject
Project("{9A19103F-16F7-4668-BE54-9A1E7A4F7556}") = "Tyuiu.ZhanabaevTA.Sprint1.Task1.V11.Test", "Tyuiu.ZhanabaevTA.Sprint1.Task1.V11.Test\Tyuiu.ZhanabaevTA.Sprint1.Task1.V11.Test.csproj", "{057CA4A0-5556-48B5-B477-6B0DEEB9AFCA}"
EndProject
Project("{9A19103F-16F7-4668-BE54-9A1E7A4F7556}") = "Tyuiu.ZhanabaevTA.Sprint1.Task1.V11.Lib", "Tyuiu.ZhanabaevTA.Sprint1.Task1.V11.Lib\Tyuiu.ZhanabaevTA.Sprint1.Task1.V11.Lib.csproj", "{2DED481D-640E-4C0E-AEA4-BB5031040479}"
EndProject
Project("{2150E333-8FDC-42A3-9474-1A3956D46DE8}") = "Task2", "Task2", "{DAB48222-7F2A-49C6-845A-CAD43B6CCA82}"
EndProject
Project("{9A19103F-16F7-4668-BE54-9A1E7A4F7556}") = "Tyuiu.ZhanabaevTA.Sprint1.Task2.V21", "Tyuiu.ZhanabaevTA.Sprint1.Task2.V21\Tyuiu.ZhanabaevTA.Sprint1.Task2.V21.csproj", "{302C3E1E-2885-40EC-8A9F-00E92BBC327C}"
EndProject
Project("{9A19103F-16F7-4668-BE54-9A1E7A4F7556}") = "Tyuiu.ZhanabaevTA.Sprint1.Task2.V21.Test", "Tyuiu.ZhanabaevTA.Sprint1.Task2.V21.Test\Tyuiu.ZhanabaevTA.Sprint1.Task2.V21.Test.csproj", "{E4111F62-DEB6-4622-96F0-03525909324C}"
EndProject
Project("{9A19103F-16F7-4668-BE54-9A1E7A4F7556}") = "Tyuiu.ZhanabaevTA.Sprint1.Task2.V21.Lib", "Tyuiu.ZhanabaevTA.Sprint1.Task2.V21.Lib\Tyuiu.ZhanabaevTA.Sprint1.Task2.V21.Lib.csproj", "{4DA3121A-09F1-404B-9878-275B87A088C7}"
EndProject
Global
	GlobalSection(SolutionConfigurationPlatforms) = preSolution
		Debug|Any CPU = Debug|Any CPU
		Release|Any CPU = Release|Any CPU
	EndGlobalSection
	GlobalSection(ProjectConfigurationPlatforms) = postSolution
		{8CFE1638-89A7-4131-8035-C0C7F4CF5561}.Debug|Any CPU.ActiveCfg = Debug|Any CPU
		{8CFE1638-89A7-4131-8035-C0C7F4CF5561}.Debug|Any CPU.Build.0 = Debug|Any CPU
		{8CFE1638-89A7-4131-8035-C0C7F4CF5561}.Release|Any CPU.ActiveCfg = Release|Any CPU
		{8CFE1638-89A7-4131-8035-C0C7F4CF5561}.Release|Any CPU.Build.0 = Release|Any CPU
		{D25BD636-BEA9-411F-9947-86C5F2079569}.Debug|Any CPU.ActiveCfg = Debug|Any CPU
		{D25BD636-BEA9-411F-9947-86C5F2079569}.Debug|Any CPU.Build.0 = Debug|Any CPU
		{D25BD636-BEA9-411F-9947-86C5F2079569}.Release|Any CPU.ActiveCfg = Release|Any CPU
		{D25BD636-BEA9-411F-9947-86C5F2079569}.Release|Any CPU.Build.0 = Release|Any CPU
		{3C786BB1-A2E8-4EEC-BA4F-E68966A4579E}.Debug|Any CPU.ActiveCfg = Debug|Any CPU
		{3C786BB1-A2E8-4EEC-BA4F-E68966A4579E}.Debug|Any CPU.Build.0 = Debug|Any CPU
		{3C786BB1-A2E8-4EEC-BA4F-E68966A4579E}.Release|Any CPU.ActiveCfg = Release|Any CPU
		{3C786BB1-A2E8-4EEC-BA4F-E68966A4579E}.Release|Any CPU.Build.0 = Release|Any CPU
		{A3589063-6861-485E-ACEA-60FD9E520EB3}.Debug|Any CPU.ActiveCfg = Debug|Any CPU
		{A3589063-6861-485E-ACEA-60FD9E520EB3}.Debug|Any CPU.Build.0 = Debug|Any CPU
		{A3589063-6861-485E-ACEA-60FD9E520EB3}.Release|Any CPU.ActiveCfg = Release|Any CPU
		{A3589063-6861-485E-ACEA-60FD9E520EB3}.Release|Any CPU.Build.0 = Release|Any CPU
		{057CA4A0-5556-48B5-B477-6B0DEEB9AFCA}.Debug|Any CPU.ActiveCfg = Debug|Any CPU
		{057CA4A0-5556-48B5-B477-6B0DEEB9AFCA}.Debug|Any CPU.Build.0 = Debug|Any CPU
		{057CA4A0-5556-48B5-B477-6B0DEEB9AFCA}.Release|Any CPU.ActiveCfg = Release|Any CPU
		{057CA4A0-5556-48B5-B477-6B0DEEB9AFCA}.Release|Any CPU.Build.0 = Release|Any CPU
		{2DED481D-640E-4C0E-AEA4-BB5031040479}.Debug|Any CPU.ActiveCfg = Debug|Any CPU
		{2DED481D-640E-4C0E-AEA4-BB5031040479}.Debug|Any CPU.Build.0 = Debug|Any CPU
		{2DED481D-640E-4C0E-AEA4-BB5031040479}.Release|Any CPU.ActiveCfg = Release|Any CPU
		{2DED481D-640E-4C0E-AEA4-BB5031040479}.Release|Any CPU.Build.0 = Release|Any CPU
		{302C3E1E-2885-40EC-8A9F-00E92BBC327C}.Debug|Any CPU.ActiveCfg = Debug|Any CPU
		{302C3E1E-2885-40EC-8A9F-00E92BBC327C}.Debug|Any CPU.Build.0 = Debug|Any CPU
		{302C3E1E-2885-40EC-8A9F-00E92BBC327C}.Release|Any CPU.ActiveCfg = Release|Any CPU
		{302C3E1E-2885-40EC-8A9F-00E92BBC327C}.Release|Any CPU.Build.0 = Release|Any CPU
		{E4111F62-DEB6-4622-96F0-03525909324C}.Debug|Any CPU.ActiveCfg = Debug|Any CPU
		{E4111F62-DEB6-4622-96F0-03525909324C}.Debug|Any CPU.Build.0 = Debug|Any CPU
		{E4111F62-DEB6-4622-96F0-03525909324C}.Release|Any CPU.ActiveCfg = Release|Any CPU
		{E4111F62-DEB6-4622-96F0-03525909324C}.Release|Any CPU.Build.0 = Release|Any CPU
		{4DA3121A-09F1-404B-9878-275B87A088C7}.Debug|Any CPU.ActiveCfg = Debug|Any CPU
		{4DA3121A-09F1-404B-9878-275B87A088C7}.Debug|Any CPU.Build.0 = Debug|Any CPU
		{4DA3121A-09F1-404B-9878-275B87A088C7}.Release|Any CPU.ActiveCfg = Release|Any CPU
		{4DA3121A-09F1-404B-9878-275B87A088C7}.Release|Any CPU.Build.0 = Release|Any CPU
	EndGlobalSection
	GlobalSection(SolutionProperties) = preSolution
		HideSolutionNode = FALSE
	EndGlobalSection
	GlobalSection(NestedProjects) = preSolution
		{8CFE1638-89A7-4131-8035-C0C7F4CF5561} = {C1542277-679B-4DCA-A9E4-EDA09EBA7942}
		{D25BD636-BEA9-411F-9947-86C5F2079569} = {C1542277-679B-4DCA-A9E4-EDA09EBA7942}
		{3C786BB1-A2E8-4EEC-BA4F-E68966A4579E} = {C1542277-679B-4DCA-A9E4-EDA09EBA7942}
		{A3589063-6861-485E-ACEA-60FD9E520EB3} = {178E1B40-32CB-4BE1-8538-F5DFF3F38551}
		{057CA4A0-5556-48B5-B477-6B0DEEB9AFCA} = {178E1B40-32CB-4BE1-8538-F5DFF3F38551}
		{2DED481D-640E-4C0E-AEA4-BB5031040479} = {178E1B40-32CB-4BE1-8538-F5DFF3F38551}
		{302C3E1E-2885-40EC-8A9F-00E92BBC327C} = {DAB48222-7F2A-49C6-845A-CAD43B6CCA82}
		{E4111F62-DEB6-4622-96F0-03525909324C} = {DAB48222-7F2A-49C6-845A-CAD43B6CCA82}
		{4DA3121A-09F1-404B-9878-275B87A088C7} = {DAB48222-7F2A-49C6-845A-CAD43B6CCA82}
	EndGlobalSection
	GlobalSection(ExtensibilityGlobals) = postSolution
		SolutionGuid = {E703BE3C-814D-4FF6-8EE4-ED661022F3A8}
	EndGlobalSection
EndGlobal
