
Microsoft Visual Studio Solution File, Format Version 12.00
# Visual Studio Version 17
VisualStudioVersion = 17.11.35303.130
MinimumVisualStudioVersion = 10.0.40219.1
Project("{2150E333-8FDC-42A3-9474-1A3956D46DE8}") = "Task0", "Task0", "{C1542277-679B-4DCA-A9E4-EDA09EBA7942}"
EndProject
Project("{9A19103F-16F7-4668-BE54-9A1E7A4F7556}") = "Tyuiu.Zhanabaevta.Sprint1.Task0.V13", "Tyuiu.Zhanabaevta.Sprint1.Task0.V13\Tyuiu.Zhanabaevta.Sprint1.Task0.V13.csproj", "{8CFE1638-89A7-4131-8035-C0C7F4CF5561}"
EndProject
Project("{9A19103F-16F7-4668-BE54-9A1E7A4F7556}") = "Tyuiu.Zhanabaevta.Sprint1.Task0.V13.Test", "Tyuiu.Zhanabaevta.Sprint1.Task0.V13.Test\Tyuiu.Zhanabaevta.Sprint1.Task0.V13.Test.csproj", "{D25BD636-BEA9-411F-9947-86C5F2079569}"
EndProject
Project("{9A19103F-16F7-4668-BE54-9A1E7A4F7556}") = "Tyuiu.ZhanabaevTA.Sprint1.Task0.V13.Lib", "Tyuiu.ZhanabaevTA.Sprint1.Task0.V13.Lib\Tyuiu.ZhanabaevTA.Sprint1.Task0.V13.Lib.csproj", "{3C786BB1-A2E8-4EEC-BA4F-E68966A4579E}"
EndProject
Project("{2150E333-8FDC-42A3-9474-1A3956D46DE8}") = "Task1", "Task1", "{178E1B40-32CB-4BE1-8538-F5DFF3F38551}"
EndProject
Project("{9A19103F-16F7-4668-BE54-9A1E7A4F7556}") = "Tyuiu.ZhanabaevTA.Sprint1.Task1.V11", "Tyuiu.ZhanabaevTA.Sprint1.Task1.V11\Tyuiu.ZhanabaevTA.Sprint1.Task1.V11.csproj", "{A3589063-6861-485E-ACEA-60FD9E520EB3}"
EndProject
Project("{9A19103F-16F7-4668-BE54-9A1E7A4F7556}") = "Tyuiu.ZhanabaevTA.Sprint1.Task1.V11.Test", "Tyuiu.ZhanabaevTA.Sprint1.Task1.V11.Test\Tyuiu.ZhanabaevTA.Sprint1.Task1.V11.Test.csproj", "{057CA4A0-5556-48B5-B477-6B0DEEB9AFCA}"
EndProject
Project("{9A19103F-16F7-4668-BE54-9A1E7A4F7556}") = "Tyuiu.ZhanabaevTA.Sprint1.Task1.V11.Lib", "Tyuiu.ZhanabaevTA.Sprint1.Task1.V11.Lib\Tyuiu.ZhanabaevTA.Sprint1.Task1.V11.Lib.csproj", "{2DED481D-640E-4C0E-AEA4-BB5031040479}"
EndProject
Project("{2150E333-8FDC-42A3-9474-1A3956D46DE8}") = "Task2", "Task2", "{DAB48222-7F2A-49C6-845A-CAD43B6CCA82}"
EndProject
Project("{9A19103F-16F7-4668-BE54-9A1E7A4F7556}") = "Tyuiu.ZhanabaevTA.Sprint1.Task2.V21", "Tyuiu.ZhanabaevTA.Sprint1.Task2.V21\Tyuiu.ZhanabaevTA.Sprint1.Task2.V21.csproj", "{302C3E1E-2885-40EC-8A9F-00E92BBC327C}"
EndProject
Project("{9A19103F-16F7-4668-BE54-9A1E7A4F7556}") = "Tyuiu.ZhanabaevTA.Sprint1.Task2.V21.Test", "Tyuiu.ZhanabaevTA.Sprint1.Task2.V21.Test\Tyuiu.ZhanabaevTA.Sprint1.Task2.V21.Test.csproj", "{E4111F62-DEB6-4622-96F0-03525909324C}"
EndProject
Project("{9A19103F-16F7-4668-BE54-9A1E7A4F7556}") = "Tyuiu.ZhanabaevTA.Sprint1.Task2.V21.Lib", "Tyuiu.ZhanabaevTA.Sprint1.Task2.V21.Lib\Tyuiu.ZhanabaevTA.Sprint1.Task2.V21.Lib.csproj", "{4DA3121A-09F1-404B-9878-275B87A088C7}"
EndProject
Project("{2150E333-8FDC-42A3-9474-1A3956D46DE8}") = "Task3", "Task3", "{8A9A6F1C-5241-4E53-9271-AF87C2B98DDF}"
EndProject
Project("{9A19103F-16F7-4668-BE54-9A1E7A4F7556}") = "Tyuiu.ZhanabaevTA.Sprint1.Task3.V10.Lib", "Tyuiu.ZhanabaevTA.Sprint1.Task3.V10.Lib\Tyuiu.ZhanabaevTA.Sprint1.Task3.V10.Lib.csproj", "{9F6119F3-2BFD-41AB-BA82-6EC36E56A3B5}"
EndProject
Project("{9A19103F-16F7-4668-BE54-9A1E7A4F7556}") = "Tyuiu.ZhanabaevTA.Sprint1.Task3.V10", "Tyuiu.ZhanabaevTA.Sprint1.Task3.V10\Tyuiu.ZhanabaevTA.Sprint1.Task3.V10.csproj", "{42A99DEC-421C-4F68-997F-D36A00E10171}"
EndProject
Project("{9A19103F-16F7-4668-BE54-9A1E7A4F7556}") = "Tyuiu.ZhanabaevTA.Sprint1.Task3.V10.Test", "Tyuiu.ZhanabaevTA.Sprint1.Task3.V10.Test\Tyuiu.ZhanabaevTA.Sprint1.Task3.V10.Test.csproj", "{2749D19F-CDCC-4EC5-9D42-2AD0E717D4E8}"
EndProject
Project("{2150E333-8FDC-42A3-9474-1A3956D46DE8}") = "Task4", "Task4", "{A8884DB3-71D7-45D0-93E7-8B6099CB57C3}"
EndProject
Project("{9A19103F-16F7-4668-BE54-9A1E7A4F7556}") = "Tyuiu.ZhanabaevTA.Sprint1.Task4.V5.Lib", "Tyuiu.ZhanabaevTA.Sprint1.Task4.V5.Lib\Tyuiu.ZhanabaevTA.Sprint1.Task4.V5.Lib.csproj", "{423E5086-4602-4FC6-9107-4EDADED68325}"
EndProject
Project("{9A19103F-16F7-4668-BE54-9A1E7A4F7556}") = "Tyuiu.ZhanabaevTA.Sprint1.Task4.V5.Test", "Tyuiu.ZhanabaevTA.Sprint1.Task4.V5.Test\Tyuiu.ZhanabaevTA.Sprint1.Task4.V5.Test.csproj", "{FCE2ED18-EE67-47F5-B4BB-A0B7A83517BE}"
EndProject
Project("{9A19103F-16F7-4668-BE54-9A1E7A4F7556}") = "Tyuiu.ZhanabaevTA.Sprint1.Task4.V5", "Tyuiu.ZhanabaevTA.Sprint1.Task4.V5\Tyuiu.ZhanabaevTA.Sprint1.Task4.V5.csproj", "{318F372B-87C7-4507-ADBF-0BC62ECA7097}"
EndProject
Project("{2150E333-8FDC-42A3-9474-1A3956D46DE8}") = "Task5", "Task5", "{0C632542-822E-4044-BD7B-0987AFF4D2C9}"
EndProject
Project("{FAE04EC0-301F-11D3-BF4B-00C04F79EFBC}") = "Tyuiu.ZhanabaevTA.Sprint1.Task5.V5.Lib", "Tyuiu.ZhanabaevTA.Sprint1.Task5.V5.Lib\Tyuiu.ZhanabaevTA.Sprint1.Task5.V5.Lib.csproj", "{D7002C31-77ED-42FB-B109-0044D0F9F310}"
EndProject
Project("{FAE04EC0-301F-11D3-BF4B-00C04F79EFBC}") = "Tyuiu.ZhanabaevTA.Sprint1.Task5.V5.Test", "Tyuiu.ZhanabaevTA.Sprint1.Task5.V5.Test\Tyuiu.ZhanabaevTA.Sprint1.Task5.V5.Test.csproj", "{07C7BE46-AD52-4D17-953E-05C643931CB6}"
EndProject
Project("{FAE04EC0-301F-11D3-BF4B-00C04F79EFBC}") = "Tyuiu.ZhanabaevTA.Sprint1.Task5.V5", "Tyuiu.ZhanabaevTA.Sprint1.Task5.V5\Tyuiu.ZhanabaevTA.Sprint1.Task5.V5.csproj", "{A46B2C8E-CF61-475E-A2B5-804F6C32EB6A}"
EndProject
Global
	GlobalSection(SolutionConfigurationPlatforms) = preSolution
		Debug|Any CPU = Debug|Any CPU
		Release|Any CPU = Release|Any CPU
	EndGlobalSection
	GlobalSection(ProjectConfigurationPlatforms) = postSolution
		{8CFE1638-89A7-4131-8035-C0C7F4CF5561}.Debug|Any CPU.ActiveCfg = Debug|Any CPU
		{8CFE1638-89A7-4131-8035-C0C7F4CF5561}.Debug|Any CPU.Build.0 = Debug|Any CPU
		{8CFE1638-89A7-4131-8035-C0C7F4CF5561}.Release|Any CPU.ActiveCfg = Release|Any CPU
		{8CFE1638-89A7-4131-8035-C0C7F4CF5561}.Release|Any CPU.Build.0 = Release|Any CPU
		{D25BD636-BEA9-411F-9947-86C5F2079569}.Debug|Any CPU.ActiveCfg = Debug|Any CPU
		{D25BD636-BEA9-411F-9947-86C5F2079569}.Debug|Any CPU.Build.0 = Debug|Any CPU
		{D25BD636-BEA9-411F-9947-86C5F2079569}.Release|Any CPU.ActiveCfg = Release|Any CPU
		{D25BD636-BEA9-411F-9947-86C5F2079569}.Release|Any CPU.Build.0 = Release|Any CPU
		{3C786BB1-A2E8-4EEC-BA4F-E68966A4579E}.Debug|Any CPU.ActiveCfg = Debug|Any CPU
		{3C786BB1-A2E8-4EEC-BA4F-E68966A4579E}.Debug|Any CPU.Build.0 = Debug|Any CPU
		{3C786BB1-A2E8-4EEC-BA4F-E68966A4579E}.Release|Any CPU.ActiveCfg = Release|Any CPU
		{3C786BB1-A2E8-4EEC-BA4F-E68966A4579E}.Release|Any CPU.Build.0 = Release|Any CPU
		{A3589063-6861-485E-ACEA-60FD9E520EB3}.Debug|Any CPU.ActiveCfg = Debug|Any CPU
		{A3589063-6861-485E-ACEA-60FD9E520EB3}.Debug|Any CPU.Build.0 = Debug|Any CPU
		{A3589063-6861-485E-ACEA-60FD9E520EB3}.Release|Any CPU.ActiveCfg = Release|Any CPU
		{A3589063-6861-485E-ACEA-60FD9E520EB3}.Release|Any CPU.Build.0 = Release|Any CPU
		{057CA4A0-5556-48B5-B477-6B0DEEB9AFCA}.Debug|Any CPU.ActiveCfg = Debug|Any CPU
		{057CA4A0-5556-48B5-B477-6B0DEEB9AFCA}.Debug|Any CPU.Build.0 = Debug|Any CPU
		{057CA4A0-5556-48B5-B477-6B0DEEB9AFCA}.Release|Any CPU.ActiveCfg = Release|Any CPU
		{057CA4A0-5556-48B5-B477-6B0DEEB9AFCA}.Release|Any CPU.Build.0 = Release|Any CPU
		{2DED481D-640E-4C0E-AEA4-BB5031040479}.Debug|Any CPU.ActiveCfg = Debug|Any CPU
		{2DED481D-640E-4C0E-AEA4-BB5031040479}.Debug|Any CPU.Build.0 = Debug|Any CPU
		{2DED481D-640E-4C0E-AEA4-BB5031040479}.Release|Any CPU.ActiveCfg = Release|Any CPU
		{2DED481D-640E-4C0E-AEA4-BB5031040479}.Release|Any CPU.Build.0 = Release|Any CPU
		{302C3E1E-2885-40EC-8A9F-00E92BBC327C}.Debug|Any CPU.ActiveCfg = Debug|Any CPU
		{302C3E1E-2885-40EC-8A9F-00E92BBC327C}.Debug|Any CPU.Build.0 = Debug|Any CPU
		{302C3E1E-2885-40EC-8A9F-00E92BBC327C}.Release|Any CPU.ActiveCfg = Release|Any CPU
		{302C3E1E-2885-40EC-8A9F-00E92BBC327C}.Release|Any CPU.Build.0 = Release|Any CPU
		{E4111F62-DEB6-4622-96F0-03525909324C}.Debug|Any CPU.ActiveCfg = Debug|Any CPU
		{E4111F62-DEB6-4622-96F0-03525909324C}.Debug|Any CPU.Build.0 = Debug|Any CPU
		{E4111F62-DEB6-4622-96F0-03525909324C}.Release|Any CPU.ActiveCfg = Release|Any CPU
		{E4111F62-DEB6-4622-96F0-03525909324C}.Release|Any CPU.Build.0 = Release|Any CPU
		{4DA3121A-09F1-404B-9878-275B87A088C7}.Debug|Any CPU.ActiveCfg = Debug|Any CPU
		{4DA3121A-09F1-404B-9878-275B87A088C7}.Debug|Any CPU.Build.0 = Debug|Any CPU
		{4DA3121A-09F1-404B-9878-275B87A088C7}.Release|Any CPU.ActiveCfg = Release|Any CPU
		{4DA3121A-09F1-404B-9878-275B87A088C7}.Release|Any CPU.Build.0 = Release|Any CPU
		{9F6119F3-2BFD-41AB-BA82-6EC36E56A3B5}.Debug|Any CPU.ActiveCfg = Debug|Any CPU
		{9F6119F3-2BFD-41AB-BA82-6EC36E56A3B5}.Debug|Any CPU.Build.0 = Debug|Any CPU
		{9F6119F3-2BFD-41AB-BA82-6EC36E56A3B5}.Release|Any CPU.ActiveCfg = Release|Any CPU
		{9F6119F3-2BFD-41AB-BA82-6EC36E56A3B5}.Release|Any CPU.Build.0 = Release|Any CPU
		{42A99DEC-421C-4F68-997F-D36A00E10171}.Debug|Any CPU.ActiveCfg = Debug|Any CPU
		{42A99DEC-421C-4F68-997F-D36A00E10171}.Debug|Any CPU.Build.0 = Debug|Any CPU
		{42A99DEC-421C-4F68-997F-D36A00E10171}.Release|Any CPU.ActiveCfg = Release|Any CPU
		{42A99DEC-421C-4F68-997F-D36A00E10171}.Release|Any CPU.Build.0 = Release|Any CPU
		{2749D19F-CDCC-4EC5-9D42-2AD0E717D4E8}.Debug|Any CPU.ActiveCfg = Debug|Any CPU
		{2749D19F-CDCC-4EC5-9D42-2AD0E717D4E8}.Debug|Any CPU.Build.0 = Debug|Any CPU
		{2749D19F-CDCC-4EC5-9D42-2AD0E717D4E8}.Release|Any CPU.ActiveCfg = Release|Any CPU
		{2749D19F-CDCC-4EC5-9D42-2AD0E717D4E8}.Release|Any CPU.Build.0 = Release|Any CPU
		{423E5086-4602-4FC6-9107-4EDADED68325}.Debug|Any CPU.ActiveCfg = Debug|Any CPU
		{423E5086-4602-4FC6-9107-4EDADED68325}.Debug|Any CPU.Build.0 = Debug|Any CPU
		{423E5086-4602-4FC6-9107-4EDADED68325}.Release|Any CPU.ActiveCfg = Release|Any CPU
		{423E5086-4602-4FC6-9107-4EDADED68325}.Release|Any CPU.Build.0 = Release|Any CPU
		{FCE2ED18-EE67-47F5-B4BB-A0B7A83517BE}.Debug|Any CPU.ActiveCfg = Debug|Any CPU
		{FCE2ED18-EE67-47F5-B4BB-A0B7A83517BE}.Debug|Any CPU.Build.0 = Debug|Any CPU
		{FCE2ED18-EE67-47F5-B4BB-A0B7A83517BE}.Release|Any CPU.ActiveCfg = Release|Any CPU
		{FCE2ED18-EE67-47F5-B4BB-A0B7A83517BE}.Release|Any CPU.Build.0 = Release|Any CPU
		{318F372B-87C7-4507-ADBF-0BC62ECA7097}.Debug|Any CPU.ActiveCfg = Debug|Any CPU
		{318F372B-87C7-4507-ADBF-0BC62ECA7097}.Debug|Any CPU.Build.0 = Debug|Any CPU
		{318F372B-87C7-4507-ADBF-0BC62ECA7097}.Release|Any CPU.ActiveCfg = Release|Any CPU
		{318F372B-87C7-4507-ADBF-0BC62ECA7097}.Release|Any CPU.Build.0 = Release|Any CPU
		{D7002C31-77ED-42FB-B109-0044D0F9F310}.Debug|Any CPU.ActiveCfg = Debug|Any CPU
		{D7002C31-77ED-42FB-B109-0044D0F9F310}.Debug|Any CPU.Build.0 = Debug|Any CPU
		{D7002C31-77ED-42FB-B109-0044D0F9F310}.Release|Any CPU.ActiveCfg = Release|Any CPU
		{D7002C31-77ED-42FB-B109-0044D0F9F310}.Release|Any CPU.Build.0 = Release|Any CPU
		{07C7BE46-AD52-4D17-953E-05C643931CB6}.Debug|Any CPU.ActiveCfg = Debug|Any CPU
		{07C7BE46-AD52-4D17-953E-05C643931CB6}.Debug|Any CPU.Build.0 = Debug|Any CPU
		{07C7BE46-AD52-4D17-953E-05C643931CB6}.Release|Any CPU.ActiveCfg = Release|Any CPU
		{07C7BE46-AD52-4D17-953E-05C643931CB6}.Release|Any CPU.Build.0 = Release|Any CPU
		{A46B2C8E-CF61-475E-A2B5-804F6C32EB6A}.Debug|Any CPU.ActiveCfg = Debug|Any CPU
		{A46B2C8E-CF61-475E-A2B5-804F6C32EB6A}.Debug|Any CPU.Build.0 = Debug|Any CPU
		{A46B2C8E-CF61-475E-A2B5-804F6C32EB6A}.Release|Any CPU.ActiveCfg = Release|Any CPU
		{A46B2C8E-CF61-475E-A2B5-804F6C32EB6A}.Release|Any CPU.Build.0 = Release|Any CPU
	EndGlobalSection
	GlobalSection(SolutionProperties) = preSolution
		HideSolutionNode = FALSE
	EndGlobalSection
	GlobalSection(NestedProjects) = preSolution
		{8CFE1638-89A7-4131-8035-C0C7F4CF5561} = {C1542277-679B-4DCA-A9E4-EDA09EBA7942}
		{D25BD636-BEA9-411F-9947-86C5F2079569} = {C1542277-679B-4DCA-A9E4-EDA09EBA7942}
		{3C786BB1-A2E8-4EEC-BA4F-E68966A4579E} = {C1542277-679B-4DCA-A9E4-EDA09EBA7942}
		{A3589063-6861-485E-ACEA-60FD9E520EB3} = {178E1B40-32CB-4BE1-8538-F5DFF3F38551}
		{057CA4A0-5556-48B5-B477-6B0DEEB9AFCA} = {178E1B40-32CB-4BE1-8538-F5DFF3F38551}
		{2DED481D-640E-4C0E-AEA4-BB5031040479} = {178E1B40-32CB-4BE1-8538-F5DFF3F38551}
		{302C3E1E-2885-40EC-8A9F-00E92BBC327C} = {DAB48222-7F2A-49C6-845A-CAD43B6CCA82}
		{E4111F62-DEB6-4622-96F0-03525909324C} = {DAB48222-7F2A-49C6-845A-CAD43B6CCA82}
		{4DA3121A-09F1-404B-9878-275B87A088C7} = {DAB48222-7F2A-49C6-845A-CAD43B6CCA82}
		{9F6119F3-2BFD-41AB-BA82-6EC36E56A3B5} = {8A9A6F1C-5241-4E53-9271-AF87C2B98DDF}
		{42A99DEC-421C-4F68-997F-D36A00E10171} = {8A9A6F1C-5241-4E53-9271-AF87C2B98DDF}
		{2749D19F-CDCC-4EC5-9D42-2AD0E717D4E8} = {8A9A6F1C-5241-4E53-9271-AF87C2B98DDF}
		{423E5086-4602-4FC6-9107-4EDADED68325} = {A8884DB3-71D7-45D0-93E7-8B6099CB57C3}
		{FCE2ED18-EE67-47F5-B4BB-A0B7A83517BE} = {A8884DB3-71D7-45D0-93E7-8B6099CB57C3}
		{318F372B-87C7-4507-ADBF-0BC62ECA7097} = {A8884DB3-71D7-45D0-93E7-8B6099CB57C3}
		{D7002C31-77ED-42FB-B109-0044D0F9F310} = {0C632542-822E-4044-BD7B-0987AFF4D2C9}
		{07C7BE46-AD52-4D17-953E-05C643931CB6} = {0C632542-822E-4044-BD7B-0987AFF4D2C9}
		{A46B2C8E-CF61-475E-A2B5-804F6C32EB6A} = {0C632542-822E-4044-BD7B-0987AFF4D2C9}
	EndGlobalSection
	GlobalSection(ExtensibilityGlobals) = postSolution
		SolutionGuid = {E703BE3C-814D-4FF6-8EE4-ED661022F3A8}
	EndGlobalSection
EndGlobal
